
Microsoft Visual Studio Solution File, Format Version 12.00
# Visual Studio Version 16
VisualStudioVersion = 16.0.29519.181
MinimumVisualStudioVersion = 10.0.40219.1
Project("{FAE04EC0-301F-11D3-BF4B-00C04F79EFBC}") = "PotatoSync", "PotatoSync.csproj", "{290B304E-6A8E-4374-BD0E-2C45E9C3BB43}"
EndProject
Global
	GlobalSection(SolutionConfigurationPlatforms) = preSolution
		Debug|Any CPU = Debug|Any CPU
		Release|Any CPU = Release|Any CPU
	EndGlobalSection
	GlobalSection(ProjectConfigurationPlatforms) = postSolution
		{290B304E-6A8E-4374-BD0E-2C45E9C3BB43}.Debug|Any CPU.ActiveCfg = Debug|Any CPU
		{290B304E-6A8E-4374-BD0E-2C45E9C3BB43}.Debug|Any CPU.Build.0 = Debug|Any CPU
		{290B304E-6A8E-4374-BD0E-2C45E9C3BB43}.Release|Any CPU.ActiveCfg = Release|Any CPU
		{290B304E-6A8E-4374-BD0E-2C45E9C3BB43}.Release|Any CPU.Build.0 = Release|Any CPU
	EndGlobalSection
	GlobalSection(SolutionProperties) = preSolution
		HideSolutionNode = FALSE
	EndGlobalSection
	GlobalSection(ExtensibilityGlobals) = postSolution
		SolutionGuid = {B2CF6043-5190-4083-B274-B6DAE9D529C7}
	EndGlobalSection
EndGlobal
